
Microsoft Visual Studio Solution File, Format Version 12.00
# Visual Studio Version 16
VisualStudioVersion = 16.0.30104.148
MinimumVisualStudioVersion = 10.0.40219.1
Project("{FAE04EC0-301F-11D3-BF4B-00C04F79EFBC}") = "lab6_1", "lab6_1\lab6_1.csproj", "{14B11F02-3701-403A-920A-EDCAF2B69A76}"
EndProject
Project("{FAE04EC0-301F-11D3-BF4B-00C04F79EFBC}") = "UnitTestProject2", "UnitTestProject2\UnitTestProject2.csproj", "{DD3B7D6A-10C0-4B73-B688-B33100CBFB51}"
EndProject
Global
	GlobalSection(SolutionConfigurationPlatforms) = preSolution
		Debug|Any CPU = Debug|Any CPU
		Release|Any CPU = Release|Any CPU
	EndGlobalSection
	GlobalSection(ProjectConfigurationPlatforms) = postSolution
		{14B11F02-3701-403A-920A-EDCAF2B69A76}.Debug|Any CPU.ActiveCfg = Debug|Any CPU
		{14B11F02-3701-403A-920A-EDCAF2B69A76}.Debug|Any CPU.Build.0 = Debug|Any CPU
		{14B11F02-3701-403A-920A-EDCAF2B69A76}.Release|Any CPU.ActiveCfg = Release|Any CPU
		{14B11F02-3701-403A-920A-EDCAF2B69A76}.Release|Any CPU.Build.0 = Release|Any CPU
		{DD3B7D6A-10C0-4B73-B688-B33100CBFB51}.Debug|Any CPU.ActiveCfg = Debug|Any CPU
		{DD3B7D6A-10C0-4B73-B688-B33100CBFB51}.Debug|Any CPU.Build.0 = Debug|Any CPU
		{DD3B7D6A-10C0-4B73-B688-B33100CBFB51}.Release|Any CPU.ActiveCfg = Release|Any CPU
		{DD3B7D6A-10C0-4B73-B688-B33100CBFB51}.Release|Any CPU.Build.0 = Release|Any CPU
	EndGlobalSection
	GlobalSection(SolutionProperties) = preSolution
		HideSolutionNode = FALSE
	EndGlobalSection
	GlobalSection(ExtensibilityGlobals) = postSolution
		SolutionGuid = {412DA1A9-70DE-4E22-B210-DAA78854434B}
	EndGlobalSection
EndGlobal
